<?xml version="1.0" encoding="utf-8"?>
<Project ToolsVersion="4.0" xmlns="http://schemas.microsoft.com/developer/msbuild/2003">
  <ItemGroup>
    <Filter Include="소스 파일">
      <UniqueIdentifier>{4FC737F1-C7A5-4376-A066-2A32D752A2FF}</UniqueIdentifier>
      <Extensions>cpp;c;cc;cxx;c++;cppm;ixx;def;odl;idl;hpj;bat;asm;asmx</Extensions>
    </Filter>
    <Filter Include="헤더 파일">
      <UniqueIdentifier>{93995380-89BD-4b04-88EB-625FBE52EBFB}</UniqueIdentifier>
      <Extensions>h;hh;hpp;hxx;h++;hm;inl;inc;ipp;xsd</Extensions>
    </Filter>
    <Filter Include="리소스 파일">
      <UniqueIdentifier>{67DA6AB6-F800-4c08-8B7A-83BB121AAD01}</UniqueIdentifier>
      <Extensions>rc;ico;cur;bmp;dlg;rc2;rct;bin;rgs;gif;jpg;jpeg;jpe;resx;tiff;tif;png;wav;mfcribbon-ms</Extensions>
    </Filter>
    <Filter Include="소스 파일\Assignment">
      <UniqueIdentifier>{513db81b-7e3d-4bcb-b2cb-6d23fa9e2ca5}</UniqueIdentifier>
    </Filter>
    <Filter Include="소스 파일\Assignment\A3_1">
      <UniqueIdentifier>{9dcbc2bb-a8d2-466f-9068-b7a14c1ac0d8}</UniqueIdentifier>
    </Filter>
    <Filter Include="소스 파일\Assignment\A3_2">
      <UniqueIdentifier>{107645fc-63c1-4b23-b670-8764ba657eef}</UniqueIdentifier>
    </Filter>
    <Filter Include="소스 파일\Assignment\A4_2">
      <UniqueIdentifier>{31ef1d5d-77e0-4471-87ef-91e48c797467}</UniqueIdentifier>
    </Filter>
    <Filter Include="소스 파일\Assignment\A7">
      <UniqueIdentifier>{d4ac6baf-706b-4d70-afa6-599695db6ac8}</UniqueIdentifier>
    </Filter>
    <Filter Include="소스 파일\Assignment\A8">
      <UniqueIdentifier>{fac01214-e118-44df-8a70-241fb5a75def}</UniqueIdentifier>
    </Filter>
    <Filter Include="소스 파일\Assignment\A9">
      <UniqueIdentifier>{c1541ff5-b5ae-4110-9225-155c574ec87e}</UniqueIdentifier>
    </Filter>
    <Filter Include="소스 파일\Assignment\A10_1">
      <UniqueIdentifier>{ac63f800-c700-40a3-8504-ed33c5df9c50}</UniqueIdentifier>
    </Filter>
    <Filter Include="소스 파일\Assignment\A10_2">
      <UniqueIdentifier>{50094808-b114-474e-9341-69f8fa687859}</UniqueIdentifier>
    </Filter>
  </ItemGroup>
  <ItemGroup>
    <ClCompile Include="Assignment\A1_1.c">
      <Filter>소스 파일\Assignment</Filter>
    </ClCompile>
    <ClCompile Include="Assignment\A1_2.c">
      <Filter>소스 파일\Assignment</Filter>
    </ClCompile>
    <ClCompile Include="Assignment\A2_1.c">
      <Filter>소스 파일\Assignment</Filter>
    </ClCompile>
    <ClCompile Include="Assignment\A2_2.c">
      <Filter>소스 파일\Assignment</Filter>
    </ClCompile>
    <ClCompile Include="Assignment\A3_1\my_fraction.c">
      <Filter>소스 파일\Assignment\A3_1</Filter>
    </ClCompile>
    <ClCompile Include="Assignment\A3_2\my_math.c">
      <Filter>소스 파일\Assignment\A3_2</Filter>
    </ClCompile>
    <ClCompile Include="Assignment\A3_2\m3_2.c">
      <Filter>소스 파일\Assignment\A3_2</Filter>
    </ClCompile>
    <ClCompile Include="Assignment\A3_1\m3_1.c">
      <Filter>소스 파일\Assignment\A3_1</Filter>
    </ClCompile>
    <ClCompile Include="Assignment\A3_3.c">
      <Filter>소스 파일\Assignment</Filter>
    </ClCompile>
    <ClCompile Include="Assignment\A4_2\my_fibonacci.c">
      <Filter>소스 파일\Assignment\A4_2</Filter>
    </ClCompile>
    <ClCompile Include="Assignment\A5_1.c">
      <Filter>소스 파일\Assignment</Filter>
    </ClCompile>
    <ClCompile Include="Assignment\A5_2.c">
      <Filter>소스 파일\Assignment</Filter>
    </ClCompile>
    <ClCompile Include="Assignment\A6_1.c">
      <Filter>소스 파일\Assignment</Filter>
    </ClCompile>
    <ClCompile Include="Assignment\A6_2.c">
      <Filter>소스 파일\Assignment</Filter>
    </ClCompile>
    <ClCompile Include="Assignment\A7\A7_1.c">
      <Filter>소스 파일\Assignment\A7</Filter>
    </ClCompile>
    <ClCompile Include="Assignment\A7\A7_2.c">
      <Filter>소스 파일\Assignment\A7</Filter>
    </ClCompile>
    <ClCompile Include="Assignment\A8\A8_fibo1.c">
      <Filter>소스 파일\Assignment\A8</Filter>
    </ClCompile>
    <ClCompile Include="Assignment\A8\A8_fibo2.c">
      <Filter>소스 파일\Assignment\A8</Filter>
    </ClCompile>
    <ClCompile Include="Assignment\A9\arrayList9_1.c">
      <Filter>소스 파일\Assignment\A9</Filter>
    </ClCompile>
    <ClCompile Include="Assignment\A9\m9_1.c">
      <Filter>소스 파일\Assignment\A9</Filter>
    </ClCompile>
    <ClCompile Include="Assignment\A10_2\sparseMatrix.c">
      <Filter>소스 파일\Assignment\A10_2</Filter>
    </ClCompile>
    <ClCompile Include="Assignment\A10_1\arrayList10_1.c">
      <Filter>소스 파일\Assignment\A10_1</Filter>
    </ClCompile>
    <ClCompile Include="Assignment\A10_1\m10_1.c">
      <Filter>소스 파일\Assignment\A10_1</Filter>
    </ClCompile>
    <ClCompile Include="Assignment\A10_2\arrayList.c">
      <Filter>소스 파일\Assignment\A10_2</Filter>
    </ClCompile>
    <ClCompile Include="Assignment\A10_2\main.c">
      <Filter>소스 파일\Assignment\A10_2</Filter>
    </ClCompile>
  </ItemGroup>
  <ItemGroup>
    <ClInclude Include="Assignment\A3_1\my_fraction.h">
      <Filter>소스 파일\Assignment\A3_1</Filter>
    </ClInclude>
    <ClInclude Include="Assignment\A3_2\my_math.h">
      <Filter>소스 파일\Assignment\A3_2</Filter>
    </ClInclude>
    <ClInclude Include="Assignment\A9\arrayList9_1.h">
      <Filter>소스 파일\Assignment\A9</Filter>
    </ClInclude>
    <ClInclude Include="Assignment\A10_2\sparseMatrix.h">
      <Filter>소스 파일\Assignment\A10_2</Filter>
    </ClInclude>
    <ClInclude Include="Assignment\A10_1\arrayList10_1.h">
      <Filter>헤더 파일</Filter>
    </ClInclude>
    <ClInclude Include="Assignment\A10_2\arrayList.h">
      <Filter>헤더 파일</Filter>
    </ClInclude>
  </ItemGroup>
  <ItemGroup>
    <None Include="Assignment\A3_1\readme.md">
      <Filter>소스 파일\Assignment\A3_1</Filter>
    </None>
    <None Include="Assignment\A3_2\readme.md">
      <Filter>소스 파일\Assignment\A3_2</Filter>
    </None>
    <None Include="Assignment\A4_1.md">
      <Filter>소스 파일\Assignment</Filter>
    </None>
    <None Include="Assignment\A4_2\my_fibonacci.md">
      <Filter>소스 파일\Assignment\A4_2</Filter>
    </None>
    <None Include="Assignment\A8\A8.md">
      <Filter>소스 파일\Assignment\A8</Filter>
    </None>
  </ItemGroup>
  <ItemGroup>
    <Image Include="Assignment\A4_2\n=42.png">
      <Filter>소스 파일\Assignment\A4_2</Filter>
    </Image>
    <Image Include="Assignment\A4_2\n=43.png">
      <Filter>소스 파일\Assignment\A4_2</Filter>
    </Image>
    <Image Include="Assignment\A4_2\n=44.png">
      <Filter>소스 파일\Assignment\A4_2</Filter>
    </Image>
    <Image Include="Assignment\A8\A8_fibo1_N=46.png">
      <Filter>소스 파일\Assignment\A8</Filter>
    </Image>
    <Image Include="Assignment\A8\A8_fibo1_N=47.png">
      <Filter>소스 파일\Assignment\A8</Filter>
    </Image>
    <Image Include="Assignment\A8\A8_fibo1_N=48.png">
      <Filter>소스 파일\Assignment\A8</Filter>
    </Image>
    <Image Include="Assignment\A8\A8_fibo1_N=49.png">
      <Filter>소스 파일\Assignment\A8</Filter>
    </Image>
    <Image Include="Assignment\A8\A8_fibo2_N=10억.png">
      <Filter>소스 파일\Assignment\A8</Filter>
    </Image>
    <Image Include="Assignment\A8\A8_fibo2_N=20억.png">
      <Filter>소스 파일\Assignment\A8</Filter>
    </Image>
    <Image Include="Assignment\A8\A8_fibo2_N=30억.png">
      <Filter>소스 파일\Assignment\A8</Filter>
    </Image>
    <Image Include="Assignment\A8\A8_fibo2_N=일억.png">
      <Filter>소스 파일\Assignment\A8</Filter>
    </Image>
    <Image Include="Assignment\A8\A8_fibo2_N=천만.png">
      <Filter>소스 파일\Assignment\A8</Filter>
    </Image>
  </ItemGroup>
  <ItemGroup>
    <Text Include="Assignment\A7\name_list.txt">
      <Filter>소스 파일\Assignment\A7</Filter>
    </Text>
  </ItemGroup>
</Project>